
Microsoft Visual Studio Solution File, Format Version 12.00
# Visual Studio Version 16
VisualStudioVersion = 16.0.31424.327
MinimumVisualStudioVersion = 10.0.40219.1
Project("{FAE04EC0-301F-11D3-BF4B-00C04F79EFBC}") = "L010_原則に従っている例_抽象クラス", "リスコフの置換原則\L010_原則に従っている例_抽象クラス.csproj", "{D0B61D77-9E96-426E-873E-7F0435F41650}"
EndProject
Project("{FAE04EC0-301F-11D3-BF4B-00C04F79EFBC}") = "L020_原則に従っている例_インタフェース", "L020\L020_原則に従っている例_インタフェース.csproj", "{D22475F1-BF64-4B88-9EF1-1AB33081C656}"
EndProject
Project("{FAE04EC0-301F-11D3-BF4B-00C04F79EFBC}") = "L030_原則に従っている例_具象クラス", "L030\L030_原則に従っている例_具象クラス.csproj", "{BB208FD7-10AA-4BD4-99C9-D5372382BB0A}"
EndProject
Project("{FAE04EC0-301F-11D3-BF4B-00C04F79EFBC}") = "L040_原則違反の例", "L040\L040_原則違反の例.csproj", "{EE16C012-7021-4021-B07D-AE6EA60CCD81}"
EndProject
Project("{FAE04EC0-301F-11D3-BF4B-00C04F79EFBC}") = "L050", "L050\L050.csproj", "{FCBAE5CA-DDF3-4CB5-B155-F28A165C4973}"
EndProject
Project("{FAE04EC0-301F-11D3-BF4B-00C04F79EFBC}") = "L060", "L060\L060.csproj", "{0F767F48-BF1B-49D5-BF73-CCEADF5DD22E}"
EndProject
Project("{FAE04EC0-301F-11D3-BF4B-00C04F79EFBC}") = "L061", "L061\L061.csproj", "{62D7B6DB-76B6-43D9-9BF1-862E372AB32A}"
EndProject
Project("{FAE04EC0-301F-11D3-BF4B-00C04F79EFBC}") = "L062_Client", "L062\L062_Client.csproj", "{E92DFFE4-F356-4438-B362-21F9CD4A7850}"
EndProject
Project("{FAE04EC0-301F-11D3-BF4B-00C04F79EFBC}") = "L070_似てるから継承するという誤り", "L070\L070_似てるから継承するという誤り.csproj", "{1AFB5E4F-DB21-4882-999B-27F047904C3C}"
EndProject
Project("{FAE04EC0-301F-11D3-BF4B-00C04F79EFBC}") = "L071_継承できない実装方法", "L071\L071_継承できない実装方法.csproj", "{1A27A8F8-CE30-416E-987E-DB9CFC51BBE0}"
EndProject
Project("{FAE04EC0-301F-11D3-BF4B-00C04F79EFBC}") = "L080_アイデア１_別に分ける", "L080\L080_アイデア１_別に分ける.csproj", "{07BE8B58-4EA6-4AF7-952D-6A50705A3EA3}"
EndProject
Project("{FAE04EC0-301F-11D3-BF4B-00C04F79EFBC}") = "L090_アイデア２_持つという考え方", "L090\L090_アイデア２_持つという考え方.csproj", "{30CA337E-FC06-4D2E-BD01-0B407C290654}"
EndProject
Project("{FAE04EC0-301F-11D3-BF4B-00C04F79EFBC}") = "L100_持つ例_発注状況管理", "L100\L100_持つ例_発注状況管理.csproj", "{EBF2B30C-1711-4A40-B2B9-5763B7883832}"
EndProject
Project("{FAE04EC0-301F-11D3-BF4B-00C04F79EFBC}") = "L110_Entityを持つ例", "L110\L110_Entityを持つ例.csproj", "{45B7DA33-1C64-4159-90D8-2C41C38BDA3E}"
EndProject
Project("{FAE04EC0-301F-11D3-BF4B-00C04F79EFBC}") = "L120_共通化での解決", "L120\L120_共通化での解決.csproj", "{C7BEB114-C4C1-4EE0-8BAB-52222182E7D4}"
EndProject
Project("{FAE04EC0-301F-11D3-BF4B-00C04F79EFBC}") = "L130_最小カプセル化での解決", "L130\L130_最小カプセル化での解決.csproj", "{5D47A328-2CFA-46A7-ABB5-9555818D54D6}"
EndProject
Project("{FAE04EC0-301F-11D3-BF4B-00C04F79EFBC}") = "L140", "L140\L140.csproj", "{F6A3D876-7271-4E3F-AFA6-EBA64FC3A48E}"
EndProject
Project("{FAE04EC0-301F-11D3-BF4B-00C04F79EFBC}") = "L150", "L150\L150.csproj", "{8CBE423B-C48D-4E76-9E80-4E5F0E502870}"
EndProject
Global
	GlobalSection(SolutionConfigurationPlatforms) = preSolution
		Debug|Any CPU = Debug|Any CPU
		Release|Any CPU = Release|Any CPU
	EndGlobalSection
	GlobalSection(ProjectConfigurationPlatforms) = postSolution
		{D0B61D77-9E96-426E-873E-7F0435F41650}.Debug|Any CPU.ActiveCfg = Debug|Any CPU
		{D0B61D77-9E96-426E-873E-7F0435F41650}.Debug|Any CPU.Build.0 = Debug|Any CPU
		{D0B61D77-9E96-426E-873E-7F0435F41650}.Release|Any CPU.ActiveCfg = Release|Any CPU
		{D0B61D77-9E96-426E-873E-7F0435F41650}.Release|Any CPU.Build.0 = Release|Any CPU
		{D22475F1-BF64-4B88-9EF1-1AB33081C656}.Debug|Any CPU.ActiveCfg = Debug|Any CPU
		{D22475F1-BF64-4B88-9EF1-1AB33081C656}.Debug|Any CPU.Build.0 = Debug|Any CPU
		{D22475F1-BF64-4B88-9EF1-1AB33081C656}.Release|Any CPU.ActiveCfg = Release|Any CPU
		{D22475F1-BF64-4B88-9EF1-1AB33081C656}.Release|Any CPU.Build.0 = Release|Any CPU
		{BB208FD7-10AA-4BD4-99C9-D5372382BB0A}.Debug|Any CPU.ActiveCfg = Debug|Any CPU
		{BB208FD7-10AA-4BD4-99C9-D5372382BB0A}.Debug|Any CPU.Build.0 = Debug|Any CPU
		{BB208FD7-10AA-4BD4-99C9-D5372382BB0A}.Release|Any CPU.ActiveCfg = Release|Any CPU
		{BB208FD7-10AA-4BD4-99C9-D5372382BB0A}.Release|Any CPU.Build.0 = Release|Any CPU
		{EE16C012-7021-4021-B07D-AE6EA60CCD81}.Debug|Any CPU.ActiveCfg = Debug|Any CPU
		{EE16C012-7021-4021-B07D-AE6EA60CCD81}.Debug|Any CPU.Build.0 = Debug|Any CPU
		{EE16C012-7021-4021-B07D-AE6EA60CCD81}.Release|Any CPU.ActiveCfg = Release|Any CPU
		{EE16C012-7021-4021-B07D-AE6EA60CCD81}.Release|Any CPU.Build.0 = Release|Any CPU
		{FCBAE5CA-DDF3-4CB5-B155-F28A165C4973}.Debug|Any CPU.ActiveCfg = Debug|Any CPU
		{FCBAE5CA-DDF3-4CB5-B155-F28A165C4973}.Debug|Any CPU.Build.0 = Debug|Any CPU
		{FCBAE5CA-DDF3-4CB5-B155-F28A165C4973}.Release|Any CPU.ActiveCfg = Release|Any CPU
		{FCBAE5CA-DDF3-4CB5-B155-F28A165C4973}.Release|Any CPU.Build.0 = Release|Any CPU
		{0F767F48-BF1B-49D5-BF73-CCEADF5DD22E}.Debug|Any CPU.ActiveCfg = Debug|Any CPU
		{0F767F48-BF1B-49D5-BF73-CCEADF5DD22E}.Debug|Any CPU.Build.0 = Debug|Any CPU
		{0F767F48-BF1B-49D5-BF73-CCEADF5DD22E}.Release|Any CPU.ActiveCfg = Release|Any CPU
		{0F767F48-BF1B-49D5-BF73-CCEADF5DD22E}.Release|Any CPU.Build.0 = Release|Any CPU
		{62D7B6DB-76B6-43D9-9BF1-862E372AB32A}.Debug|Any CPU.ActiveCfg = Debug|Any CPU
		{62D7B6DB-76B6-43D9-9BF1-862E372AB32A}.Debug|Any CPU.Build.0 = Debug|Any CPU
		{62D7B6DB-76B6-43D9-9BF1-862E372AB32A}.Release|Any CPU.ActiveCfg = Release|Any CPU
		{62D7B6DB-76B6-43D9-9BF1-862E372AB32A}.Release|Any CPU.Build.0 = Release|Any CPU
		{E92DFFE4-F356-4438-B362-21F9CD4A7850}.Debug|Any CPU.ActiveCfg = Debug|Any CPU
		{E92DFFE4-F356-4438-B362-21F9CD4A7850}.Debug|Any CPU.Build.0 = Debug|Any CPU
		{E92DFFE4-F356-4438-B362-21F9CD4A7850}.Release|Any CPU.ActiveCfg = Release|Any CPU
		{E92DFFE4-F356-4438-B362-21F9CD4A7850}.Release|Any CPU.Build.0 = Release|Any CPU
		{1AFB5E4F-DB21-4882-999B-27F047904C3C}.Debug|Any CPU.ActiveCfg = Debug|Any CPU
		{1AFB5E4F-DB21-4882-999B-27F047904C3C}.Debug|Any CPU.Build.0 = Debug|Any CPU
		{1AFB5E4F-DB21-4882-999B-27F047904C3C}.Release|Any CPU.ActiveCfg = Release|Any CPU
		{1AFB5E4F-DB21-4882-999B-27F047904C3C}.Release|Any CPU.Build.0 = Release|Any CPU
		{1A27A8F8-CE30-416E-987E-DB9CFC51BBE0}.Debug|Any CPU.ActiveCfg = Debug|Any CPU
		{1A27A8F8-CE30-416E-987E-DB9CFC51BBE0}.Debug|Any CPU.Build.0 = Debug|Any CPU
		{1A27A8F8-CE30-416E-987E-DB9CFC51BBE0}.Release|Any CPU.ActiveCfg = Release|Any CPU
		{1A27A8F8-CE30-416E-987E-DB9CFC51BBE0}.Release|Any CPU.Build.0 = Release|Any CPU
		{07BE8B58-4EA6-4AF7-952D-6A50705A3EA3}.Debug|Any CPU.ActiveCfg = Debug|Any CPU
		{07BE8B58-4EA6-4AF7-952D-6A50705A3EA3}.Debug|Any CPU.Build.0 = Debug|Any CPU
		{07BE8B58-4EA6-4AF7-952D-6A50705A3EA3}.Release|Any CPU.ActiveCfg = Release|Any CPU
		{07BE8B58-4EA6-4AF7-952D-6A50705A3EA3}.Release|Any CPU.Build.0 = Release|Any CPU
		{30CA337E-FC06-4D2E-BD01-0B407C290654}.Debug|Any CPU.ActiveCfg = Debug|Any CPU
		{30CA337E-FC06-4D2E-BD01-0B407C290654}.Debug|Any CPU.Build.0 = Debug|Any CPU
		{30CA337E-FC06-4D2E-BD01-0B407C290654}.Release|Any CPU.ActiveCfg = Release|Any CPU
		{30CA337E-FC06-4D2E-BD01-0B407C290654}.Release|Any CPU.Build.0 = Release|Any CPU
		{EBF2B30C-1711-4A40-B2B9-5763B7883832}.Debug|Any CPU.ActiveCfg = Debug|Any CPU
		{EBF2B30C-1711-4A40-B2B9-5763B7883832}.Debug|Any CPU.Build.0 = Debug|Any CPU
		{EBF2B30C-1711-4A40-B2B9-5763B7883832}.Release|Any CPU.ActiveCfg = Release|Any CPU
		{EBF2B30C-1711-4A40-B2B9-5763B7883832}.Release|Any CPU.Build.0 = Release|Any CPU
		{45B7DA33-1C64-4159-90D8-2C41C38BDA3E}.Debug|Any CPU.ActiveCfg = Debug|Any CPU
		{45B7DA33-1C64-4159-90D8-2C41C38BDA3E}.Debug|Any CPU.Build.0 = Debug|Any CPU
		{45B7DA33-1C64-4159-90D8-2C41C38BDA3E}.Release|Any CPU.ActiveCfg = Release|Any CPU
		{45B7DA33-1C64-4159-90D8-2C41C38BDA3E}.Release|Any CPU.Build.0 = Release|Any CPU
		{C7BEB114-C4C1-4EE0-8BAB-52222182E7D4}.Debug|Any CPU.ActiveCfg = Debug|Any CPU
		{C7BEB114-C4C1-4EE0-8BAB-52222182E7D4}.Debug|Any CPU.Build.0 = Debug|Any CPU
		{C7BEB114-C4C1-4EE0-8BAB-52222182E7D4}.Release|Any CPU.ActiveCfg = Release|Any CPU
		{C7BEB114-C4C1-4EE0-8BAB-52222182E7D4}.Release|Any CPU.Build.0 = Release|Any CPU
		{5D47A328-2CFA-46A7-ABB5-9555818D54D6}.Debug|Any CPU.ActiveCfg = Debug|Any CPU
		{5D47A328-2CFA-46A7-ABB5-9555818D54D6}.Debug|Any CPU.Build.0 = Debug|Any CPU
		{5D47A328-2CFA-46A7-ABB5-9555818D54D6}.Release|Any CPU.ActiveCfg = Release|Any CPU
		{5D47A328-2CFA-46A7-ABB5-9555818D54D6}.Release|Any CPU.Build.0 = Release|Any CPU
		{F6A3D876-7271-4E3F-AFA6-EBA64FC3A48E}.Debug|Any CPU.ActiveCfg = Debug|Any CPU
		{F6A3D876-7271-4E3F-AFA6-EBA64FC3A48E}.Debug|Any CPU.Build.0 = Debug|Any CPU
		{F6A3D876-7271-4E3F-AFA6-EBA64FC3A48E}.Release|Any CPU.ActiveCfg = Release|Any CPU
		{F6A3D876-7271-4E3F-AFA6-EBA64FC3A48E}.Release|Any CPU.Build.0 = Release|Any CPU
		{8CBE423B-C48D-4E76-9E80-4E5F0E502870}.Debug|Any CPU.ActiveCfg = Debug|Any CPU
		{8CBE423B-C48D-4E76-9E80-4E5F0E502870}.Debug|Any CPU.Build.0 = Debug|Any CPU
		{8CBE423B-C48D-4E76-9E80-4E5F0E502870}.Release|Any CPU.ActiveCfg = Release|Any CPU
		{8CBE423B-C48D-4E76-9E80-4E5F0E502870}.Release|Any CPU.Build.0 = Release|Any CPU
	EndGlobalSection
	GlobalSection(SolutionProperties) = preSolution
		HideSolutionNode = FALSE
	EndGlobalSection
	GlobalSection(ExtensibilityGlobals) = postSolution
		SolutionGuid = {466FA229-F620-4F58-B7EB-787FE60A1F49}
	EndGlobalSection
EndGlobal
